
Microsoft Visual Studio Solution File, Format Version 12.00
# Visual Studio Version 17
VisualStudioVersion = 17.7.34031.279
MinimumVisualStudioVersion = 10.0.40219.1
Project("{FAE04EC0-301F-11D3-BF4B-00C04F79EFBC}") = "RabbitMqSamples", "RabbitMqSamples\RabbitMqSamples.csproj", "{7DA288BE-0960-4B59-8231-05622D104544}"
EndProject
Global
	GlobalSection(SolutionConfigurationPlatforms) = preSolution
		Debug|Any CPU = Debug|Any CPU
		Release|Any CPU = Release|Any CPU
	EndGlobalSection
	GlobalSection(ProjectConfigurationPlatforms) = postSolution
		{7DA288BE-0960-4B59-8231-05622D104544}.Debug|Any CPU.ActiveCfg = Debug|Any CPU
		{7DA288BE-0960-4B59-8231-05622D104544}.Debug|Any CPU.Build.0 = Debug|Any CPU
		{7DA288BE-0960-4B59-8231-05622D104544}.Release|Any CPU.ActiveCfg = Release|Any CPU
		{7DA288BE-0960-4B59-8231-05622D104544}.Release|Any CPU.Build.0 = Release|Any CPU
	EndGlobalSection
	GlobalSection(SolutionProperties) = preSolution
		HideSolutionNode = FALSE
	EndGlobalSection
	GlobalSection(ExtensibilityGlobals) = postSolution
		SolutionGuid = {FC9554BE-E2A7-431F-8C52-DE4FFC4B3A0E}
	EndGlobalSection
EndGlobal
